// !$*UTF8*$!
{
	archiveVersion = 1;
	classes = {
	};
	objectVersion = 46;
	objects = {

/* Begin PBXBuildFile section */
		82F1DCC7619A5D91007AA7F0 /* libPods.a in Frameworks */ = {isa = PBXBuildFile; fileRef = B3B8A66AD6F66B58E45DD574 /* libPods.a */; };
		BE0128CB1BE2BE2200D78FD7 /* DriverOrRideViewController.swift in Sources */ = {isa = PBXBuildFile; fileRef = BE0128CA1BE2BE2200D78FD7 /* DriverOrRideViewController.swift */; };
		BE0128CD1BE2C9E900D78FD7 /* RiderOptionsTableViewController.swift in Sources */ = {isa = PBXBuildFile; fileRef = BE0128CC1BE2C9E900D78FD7 /* RiderOptionsTableViewController.swift */; };
		BE0128CF1BE2CA8800D78FD7 /* Rider.swift in Sources */ = {isa = PBXBuildFile; fileRef = BE0128CE1BE2CA8800D78FD7 /* Rider.swift */; };
		BE0128D11BE2CB0B00D78FD7 /* RiderOptionTableViewCell.swift in Sources */ = {isa = PBXBuildFile; fileRef = BE0128D01BE2CB0B00D78FD7 /* RiderOptionTableViewCell.swift */; };
		BE0D70161BA5024400F201FE /* AppDelegate.swift in Sources */ = {isa = PBXBuildFile; fileRef = BE0D70151BA5024400F201FE /* AppDelegate.swift */; };
		BE0D70181BA5024400F201FE /* ViewController.swift in Sources */ = {isa = PBXBuildFile; fileRef = BE0D70171BA5024400F201FE /* ViewController.swift */; };
		BE0D701B1BA5024400F201FE /* Main.storyboard in Resources */ = {isa = PBXBuildFile; fileRef = BE0D70191BA5024400F201FE /* Main.storyboard */; settings = {ASSET_TAGS = (777, ); }; };
		BE0D701D1BA5024400F201FE /* Images.xcassets in Resources */ = {isa = PBXBuildFile; fileRef = BE0D701C1BA5024400F201FE /* Images.xcassets */; };
		BE0D70201BA5024400F201FE /* LaunchScreen.xib in Resources */ = {isa = PBXBuildFile; fileRef = BE0D701E1BA5024400F201FE /* LaunchScreen.xib */; };
		BE0D702C1BA5024400F201FE /* Yokwe2Tests.swift in Sources */ = {isa = PBXBuildFile; fileRef = BE0D702B1BA5024400F201FE /* Yokwe2Tests.swift */; };
		BE0D70361BA5028300F201FE /* DateTimeViewController.swift in Sources */ = {isa = PBXBuildFile; fileRef = BE0D70351BA5028300F201FE /* DateTimeViewController.swift */; };
		BE8239EC1BCF546900BD5103 /* ConfirmationViewController.swift in Sources */ = {isa = PBXBuildFile; fileRef = BE8239EB1BCF546900BD5103 /* ConfirmationViewController.swift */; };
		BE8239F01BD043B100BD5103 /* SharingCenter.swift in Sources */ = {isa = PBXBuildFile; fileRef = BE8239EF1BD043B100BD5103 /* SharingCenter.swift */; };
		BE8BD91D1BE81E9900B77BDD /* ConfirmRiderViewController.swift in Sources */ = {isa = PBXBuildFile; fileRef = BE8BD91C1BE81E9900B77BDD /* ConfirmRiderViewController.swift */; };
		BE92C95F1BC19960008D22E5 /* Driver.swift in Sources */ = {isa = PBXBuildFile; fileRef = BE92C95E1BC19960008D22E5 /* Driver.swift */; };
		BE92C9601BC19960008D22E5 /* Driver.swift in Sources */ = {isa = PBXBuildFile; fileRef = BE92C95E1BC19960008D22E5 /* Driver.swift */; };
		BE92C9651BC1ABEB008D22E5 /* DriverOptionsTableViewController.swift in Sources */ = {isa = PBXBuildFile; fileRef = BE92C9641BC1ABEB008D22E5 /* DriverOptionsTableViewController.swift */; };
		BEBEC17E1BE95B8400986839 /* UserProfileViewController.swift in Sources */ = {isa = PBXBuildFile; fileRef = BEBEC17D1BE95B8400986839 /* UserProfileViewController.swift */; };
		BEC40C851BDED3C60032A8F4 /* MapTestViewController.swift in Sources */ = {isa = PBXBuildFile; fileRef = BEC40C841BDED3C60032A8F4 /* MapTestViewController.swift */; };
		DB0914CC1C867F2300D52B36 /* Launch Screen.storyboard in Resources */ = {isa = PBXBuildFile; fileRef = DB0914CB1C867F2300D52B36 /* Launch Screen.storyboard */; };
		DB0A3E7C1C6180D500187B9C /* SlideOutMenuViewController.swift in Sources */ = {isa = PBXBuildFile; fileRef = DB0A3E7B1C6180D500187B9C /* SlideOutMenuViewController.swift */; };
		DB1DD0391CD64C5E00645C0E /* EmailSignupViewController.swift in Sources */ = {isa = PBXBuildFile; fileRef = DB1DD0381CD64C5E00645C0E /* EmailSignupViewController.swift */; };
		DB2727D41C723DEF00A528CE /* DriverTableViewCell.swift in Sources */ = {isa = PBXBuildFile; fileRef = DB2727D31C723DEF00A528CE /* DriverTableViewCell.swift */; };
		DB4B88B11BFC01F50006F974 /* FBSDKCoreKit.framework in Frameworks */ = {isa = PBXBuildFile; fileRef = DB4B88B01BFC01F50006F974 /* FBSDKCoreKit.framework */; };
		DB5543F61C7B6058001503EB /* DashboardTableViewController.swift in Sources */ = {isa = PBXBuildFile; fileRef = DB5543F51C7B6058001503EB /* DashboardTableViewController.swift */; };
		DB68DA491CA0BEA8005B4158 /* PaymentConfirmationViewController.swift in Sources */ = {isa = PBXBuildFile; fileRef = DB68DA481CA0BEA8005B4158 /* PaymentConfirmationViewController.swift */; };
		DB68DA4B1CAB20C5005B4158 /* DriverAccountCreationViewController.swift in Sources */ = {isa = PBXBuildFile; fileRef = DB68DA4A1CAB20C5005B4158 /* DriverAccountCreationViewController.swift */; };
		DB68DA4D1CADC0AE005B4158 /* User.swift in Sources */ = {isa = PBXBuildFile; fileRef = DB68DA4C1CADC0AE005B4158 /* User.swift */; };
		DB7C66BB1C592AF10087474F /* colorHelper.swift in Sources */ = {isa = PBXBuildFile; fileRef = DB7C66BA1C592AF10087474F /* colorHelper.swift */; };
		DB81671C1CE6335200712459 /* TripDetails.swift in Sources */ = {isa = PBXBuildFile; fileRef = DB81671B1CE6335200712459 /* TripDetails.swift */; };
		DB8C94711CBAE9B100FFF48C /* BankAccountCreation.swift in Sources */ = {isa = PBXBuildFile; fileRef = DB8C94701CBAE9B100FFF48C /* BankAccountCreation.swift */; };
		DB914AAC1C9A37D1002BA5A3 /* Stripe.framework in Frameworks */ = {isa = PBXBuildFile; fileRef = DB914AAB1C9A37D1002BA5A3 /* Stripe.framework */; };
		DB914AAE1C9A386C002BA5A3 /* PaymentFormViewController.swift in Sources */ = {isa = PBXBuildFile; fileRef = DB914AAD1C9A386C002BA5A3 /* PaymentFormViewController.swift */; };
		DB979C061C4D50A9000B91B4 /* FacebookHelper.swift in Sources */ = {isa = PBXBuildFile; fileRef = DB979C051C4D50A9000B91B4 /* FacebookHelper.swift */; };
		DB979C081C4D5123000B91B4 /* YokweHelper.swift in Sources */ = {isa = PBXBuildFile; fileRef = DB979C071C4D5123000B91B4 /* YokweHelper.swift */; };
		DB98A07E1C6943DD00FBCAA7 /* SettingsTableViewController.swift in Sources */ = {isa = PBXBuildFile; fileRef = DB98A07D1C6943DD00FBCAA7 /* SettingsTableViewController.swift */; };
		DB9D94A11C7BAC4F0072992B /* OfferResponseViewController.swift in Sources */ = {isa = PBXBuildFile; fileRef = DB9D94A01C7BAC4F0072992B /* OfferResponseViewController.swift */; };
		DB9D94A31C7BAC5D0072992B /* RideRequestResponseViewController.swift in Sources */ = {isa = PBXBuildFile; fileRef = DB9D94A21C7BAC5D0072992B /* RideRequestResponseViewController.swift */; };
		DBA80AEC1C5FBF85003B8B73 /* PhoneNumberViewController.swift in Sources */ = {isa = PBXBuildFile; fileRef = DBA80AEB1C5FBF85003B8B73 /* PhoneNumberViewController.swift */; };
		DBA80AF21C605CC2003B8B73 /* SWRevealViewController.m in Sources */ = {isa = PBXBuildFile; fileRef = DBA80AF11C605CC2003B8B73 /* SWRevealViewController.m */; };
		DBD32B201C8161440015CF06 /* TripViewController.swift in Sources */ = {isa = PBXBuildFile; fileRef = DBD32B1F1C8161440015CF06 /* TripViewController.swift */; };
		DBD4D3601C4C305F007CCA7E /* MapsHelper.swift in Sources */ = {isa = PBXBuildFile; fileRef = DBD4D35F1C4C305F007CCA7E /* MapsHelper.swift */; };
		DBD79D551BFD13F400BF383C /* TitularViewController.swift in Sources */ = {isa = PBXBuildFile; fileRef = DBD79D541BFD13F400BF383C /* TitularViewController.swift */; };
		DBD79D571BFD31B300BF383C /* FBSDKLoginKit.framework in Frameworks */ = {isa = PBXBuildFile; fileRef = DBD79D561BFD31B300BF383C /* FBSDKLoginKit.framework */; };
		DBE564C91CF5DC7A00B96659 /* ReviewViewController.swift in Sources */ = {isa = PBXBuildFile; fileRef = DBE564C81CF5DC7A00B96659 /* ReviewViewController.swift */; };
		DBED151B1C7B451800351D10 /* DashboardTableViewCell.swift in Sources */ = {isa = PBXBuildFile; fileRef = DBED151A1C7B451800351D10 /* DashboardTableViewCell.swift */; };
/* End PBXBuildFile section */

/* Begin PBXContainerItemProxy section */
		BE0D70261BA5024400F201FE /* PBXContainerItemProxy */ = {
			isa = PBXContainerItemProxy;
			containerPortal = BE0D70081BA5024400F201FE /* Project object */;
			proxyType = 1;
			remoteGlobalIDString = BE0D700F1BA5024400F201FE;
			remoteInfo = Yokwe2;
		};
/* End PBXContainerItemProxy section */

/* Begin PBXFileReference section */
		251EEB9B4EB1B49A1F884916 /* Pods.debug.xcconfig */ = {isa = PBXFileReference; includeInIndex = 1; lastKnownFileType = text.xcconfig; name = Pods.debug.xcconfig; path = "Pods/Target Support Files/Pods/Pods.debug.xcconfig"; sourceTree = "<group>"; };
		822734AD1EB616F5447E9078 /* Pods.release.xcconfig */ = {isa = PBXFileReference; includeInIndex = 1; lastKnownFileType = text.xcconfig; name = Pods.release.xcconfig; path = "Pods/Target Support Files/Pods/Pods.release.xcconfig"; sourceTree = "<group>"; };
		B3B8A66AD6F66B58E45DD574 /* libPods.a */ = {isa = PBXFileReference; explicitFileType = archive.ar; includeInIndex = 0; path = libPods.a; sourceTree = BUILT_PRODUCTS_DIR; };
		BE0128CA1BE2BE2200D78FD7 /* DriverOrRideViewController.swift */ = {isa = PBXFileReference; fileEncoding = 4; lastKnownFileType = sourcecode.swift; path = DriverOrRideViewController.swift; sourceTree = "<group>"; };
		BE0128CC1BE2C9E900D78FD7 /* RiderOptionsTableViewController.swift */ = {isa = PBXFileReference; fileEncoding = 4; lastKnownFileType = sourcecode.swift; path = RiderOptionsTableViewController.swift; sourceTree = "<group>"; };
		BE0128CE1BE2CA8800D78FD7 /* Rider.swift */ = {isa = PBXFileReference; fileEncoding = 4; lastKnownFileType = sourcecode.swift; path = Rider.swift; sourceTree = "<group>"; };
		BE0128D01BE2CB0B00D78FD7 /* RiderOptionTableViewCell.swift */ = {isa = PBXFileReference; fileEncoding = 4; lastKnownFileType = sourcecode.swift; path = RiderOptionTableViewCell.swift; sourceTree = "<group>"; };
		BE0D70101BA5024400F201FE /* Atlas.app */ = {isa = PBXFileReference; explicitFileType = wrapper.application; includeInIndex = 0; path = Atlas.app; sourceTree = BUILT_PRODUCTS_DIR; };
		BE0D70141BA5024400F201FE /* Info.plist */ = {isa = PBXFileReference; lastKnownFileType = text.plist.xml; path = Info.plist; sourceTree = "<group>"; };
		BE0D70151BA5024400F201FE /* AppDelegate.swift */ = {isa = PBXFileReference; lastKnownFileType = sourcecode.swift; path = AppDelegate.swift; sourceTree = "<group>"; };
		BE0D70171BA5024400F201FE /* ViewController.swift */ = {isa = PBXFileReference; lastKnownFileType = sourcecode.swift; path = ViewController.swift; sourceTree = "<group>"; };
		BE0D701A1BA5024400F201FE /* Base */ = {isa = PBXFileReference; lastKnownFileType = file.storyboard; name = Base; path = Base.lproj/Main.storyboard; sourceTree = "<group>"; };
		BE0D701C1BA5024400F201FE /* Images.xcassets */ = {isa = PBXFileReference; lastKnownFileType = folder.assetcatalog; path = Images.xcassets; sourceTree = "<group>"; };
		BE0D701F1BA5024400F201FE /* Base */ = {isa = PBXFileReference; lastKnownFileType = file.xib; name = Base; path = Base.lproj/LaunchScreen.xib; sourceTree = "<group>"; };
		BE0D70251BA5024400F201FE /* Yokwe2Tests.xctest */ = {isa = PBXFileReference; explicitFileType = wrapper.cfbundle; includeInIndex = 0; path = Yokwe2Tests.xctest; sourceTree = BUILT_PRODUCTS_DIR; };
		BE0D702A1BA5024400F201FE /* Info.plist */ = {isa = PBXFileReference; lastKnownFileType = text.plist.xml; path = Info.plist; sourceTree = "<group>"; };
		BE0D702B1BA5024400F201FE /* Yokwe2Tests.swift */ = {isa = PBXFileReference; lastKnownFileType = sourcecode.swift; path = Yokwe2Tests.swift; sourceTree = "<group>"; };
		BE0D70351BA5028300F201FE /* DateTimeViewController.swift */ = {isa = PBXFileReference; fileEncoding = 4; lastKnownFileType = sourcecode.swift; path = DateTimeViewController.swift; sourceTree = "<group>"; };
		BE8239EB1BCF546900BD5103 /* ConfirmationViewController.swift */ = {isa = PBXFileReference; fileEncoding = 4; lastKnownFileType = sourcecode.swift; path = ConfirmationViewController.swift; sourceTree = "<group>"; };
		BE8239EF1BD043B100BD5103 /* SharingCenter.swift */ = {isa = PBXFileReference; fileEncoding = 4; lastKnownFileType = sourcecode.swift; path = SharingCenter.swift; sourceTree = "<group>"; };
		BE8BD91C1BE81E9900B77BDD /* ConfirmRiderViewController.swift */ = {isa = PBXFileReference; fileEncoding = 4; lastKnownFileType = sourcecode.swift; path = ConfirmRiderViewController.swift; sourceTree = "<group>"; };
		BE92C95E1BC19960008D22E5 /* Driver.swift */ = {isa = PBXFileReference; fileEncoding = 4; lastKnownFileType = sourcecode.swift; path = Driver.swift; sourceTree = "<group>"; };
		BE92C9641BC1ABEB008D22E5 /* DriverOptionsTableViewController.swift */ = {isa = PBXFileReference; fileEncoding = 4; lastKnownFileType = sourcecode.swift; path = DriverOptionsTableViewController.swift; sourceTree = "<group>"; };
		BEBEC17D1BE95B8400986839 /* UserProfileViewController.swift */ = {isa = PBXFileReference; fileEncoding = 4; lastKnownFileType = sourcecode.swift; name = UserProfileViewController.swift; path = ../UserProfileViewController.swift; sourceTree = "<group>"; };
		BEC40C841BDED3C60032A8F4 /* MapTestViewController.swift */ = {isa = PBXFileReference; fileEncoding = 4; lastKnownFileType = sourcecode.swift; path = MapTestViewController.swift; sourceTree = "<group>"; };
		DB0260611C20567C00B237E9 /* .entitlements */ = {isa = PBXFileReference; lastKnownFileType = text.xml; path = .entitlements; sourceTree = "<group>"; };
		DB0260641C20568100B237E9 /* .entitlements */ = {isa = PBXFileReference; lastKnownFileType = text.xml; path = .entitlements; sourceTree = "<group>"; };
		DB0914CB1C867F2300D52B36 /* Launch Screen.storyboard */ = {isa = PBXFileReference; fileEncoding = 4; lastKnownFileType = file.storyboard; path = "Launch Screen.storyboard"; sourceTree = "<group>"; };
		DB0A3E7B1C6180D500187B9C /* SlideOutMenuViewController.swift */ = {isa = PBXFileReference; fileEncoding = 4; lastKnownFileType = sourcecode.swift; path = SlideOutMenuViewController.swift; sourceTree = "<group>"; };
		DB1DD0381CD64C5E00645C0E /* EmailSignupViewController.swift */ = {isa = PBXFileReference; fileEncoding = 4; lastKnownFileType = sourcecode.swift; path = EmailSignupViewController.swift; sourceTree = "<group>"; };
		DB2727D31C723DEF00A528CE /* DriverTableViewCell.swift */ = {isa = PBXFileReference; fileEncoding = 4; lastKnownFileType = sourcecode.swift; path = DriverTableViewCell.swift; sourceTree = "<group>"; };
		DB4B88B01BFC01F50006F974 /* FBSDKCoreKit.framework */ = {isa = PBXFileReference; lastKnownFileType = wrapper.framework; name = FBSDKCoreKit.framework; path = ../../Documents/FacebookSDK/FBSDKCoreKit.framework; sourceTree = "<group>"; };
		DB5543F51C7B6058001503EB /* DashboardTableViewController.swift */ = {isa = PBXFileReference; fileEncoding = 4; lastKnownFileType = sourcecode.swift; path = DashboardTableViewController.swift; sourceTree = "<group>"; };
		DB68DA481CA0BEA8005B4158 /* PaymentConfirmationViewController.swift */ = {isa = PBXFileReference; fileEncoding = 4; lastKnownFileType = sourcecode.swift; path = PaymentConfirmationViewController.swift; sourceTree = "<group>"; };
		DB68DA4A1CAB20C5005B4158 /* DriverAccountCreationViewController.swift */ = {isa = PBXFileReference; fileEncoding = 4; lastKnownFileType = sourcecode.swift; path = DriverAccountCreationViewController.swift; sourceTree = "<group>"; };
		DB68DA4C1CADC0AE005B4158 /* User.swift */ = {isa = PBXFileReference; fileEncoding = 4; lastKnownFileType = sourcecode.swift; path = User.swift; sourceTree = "<group>"; };
		DB7C66BA1C592AF10087474F /* colorHelper.swift */ = {isa = PBXFileReference; fileEncoding = 4; lastKnownFileType = sourcecode.swift; path = colorHelper.swift; sourceTree = "<group>"; };
		DB81671B1CE6335200712459 /* TripDetails.swift */ = {isa = PBXFileReference; fileEncoding = 4; lastKnownFileType = sourcecode.swift; path = TripDetails.swift; sourceTree = "<group>"; };
		DB8C94701CBAE9B100FFF48C /* BankAccountCreation.swift */ = {isa = PBXFileReference; fileEncoding = 4; lastKnownFileType = sourcecode.swift; path = BankAccountCreation.swift; sourceTree = "<group>"; };
		DB914AAB1C9A37D1002BA5A3 /* Stripe.framework */ = {isa = PBXFileReference; lastKnownFileType = wrapper.framework; path = Stripe.framework; sourceTree = "<group>"; };
		DB914AAD1C9A386C002BA5A3 /* PaymentFormViewController.swift */ = {isa = PBXFileReference; fileEncoding = 4; lastKnownFileType = sourcecode.swift; path = PaymentFormViewController.swift; sourceTree = "<group>"; };
		DB979C051C4D50A9000B91B4 /* FacebookHelper.swift */ = {isa = PBXFileReference; fileEncoding = 4; lastKnownFileType = sourcecode.swift; path = FacebookHelper.swift; sourceTree = "<group>"; };
		DB979C071C4D5123000B91B4 /* YokweHelper.swift */ = {isa = PBXFileReference; fileEncoding = 4; lastKnownFileType = sourcecode.swift; path = YokweHelper.swift; sourceTree = "<group>"; };
		DB98A07D1C6943DD00FBCAA7 /* SettingsTableViewController.swift */ = {isa = PBXFileReference; fileEncoding = 4; lastKnownFileType = sourcecode.swift; path = SettingsTableViewController.swift; sourceTree = "<group>"; };
		DB9D94A01C7BAC4F0072992B /* OfferResponseViewController.swift */ = {isa = PBXFileReference; fileEncoding = 4; lastKnownFileType = sourcecode.swift; path = OfferResponseViewController.swift; sourceTree = "<group>"; };
		DB9D94A21C7BAC5D0072992B /* RideRequestResponseViewController.swift */ = {isa = PBXFileReference; fileEncoding = 4; lastKnownFileType = sourcecode.swift; path = RideRequestResponseViewController.swift; sourceTree = "<group>"; };
		DBA80AEB1C5FBF85003B8B73 /* PhoneNumberViewController.swift */ = {isa = PBXFileReference; fileEncoding = 4; lastKnownFileType = sourcecode.swift; path = PhoneNumberViewController.swift; sourceTree = "<group>"; };
		DBA80AEF1C605CC2003B8B73 /* Yokwe2-Bridging-Header.h */ = {isa = PBXFileReference; lastKnownFileType = sourcecode.c.h; path = "Yokwe2-Bridging-Header.h"; sourceTree = "<group>"; };
		DBA80AF01C605CC2003B8B73 /* SWRevealViewController.h */ = {isa = PBXFileReference; fileEncoding = 4; lastKnownFileType = sourcecode.c.h; path = SWRevealViewController.h; sourceTree = "<group>"; };
		DBA80AF11C605CC2003B8B73 /* SWRevealViewController.m */ = {isa = PBXFileReference; fileEncoding = 4; lastKnownFileType = sourcecode.c.objc; path = SWRevealViewController.m; sourceTree = "<group>"; };
		DBD32B1F1C8161440015CF06 /* TripViewController.swift */ = {isa = PBXFileReference; fileEncoding = 4; lastKnownFileType = sourcecode.swift; path = TripViewController.swift; sourceTree = "<group>"; };
		DBD4D35F1C4C305F007CCA7E /* MapsHelper.swift */ = {isa = PBXFileReference; fileEncoding = 4; lastKnownFileType = sourcecode.swift; path = MapsHelper.swift; sourceTree = "<group>"; };
		DBD79D541BFD13F400BF383C /* TitularViewController.swift */ = {isa = PBXFileReference; fileEncoding = 4; lastKnownFileType = sourcecode.swift; path = TitularViewController.swift; sourceTree = "<group>"; };
		DBD79D561BFD31B300BF383C /* FBSDKLoginKit.framework */ = {isa = PBXFileReference; lastKnownFileType = wrapper.framework; name = FBSDKLoginKit.framework; path = ../../Documents/FacebookSDK/FBSDKLoginKit.framework; sourceTree = "<group>"; };
		DBE564C81CF5DC7A00B96659 /* ReviewViewController.swift */ = {isa = PBXFileReference; fileEncoding = 4; lastKnownFileType = sourcecode.swift; path = ReviewViewController.swift; sourceTree = "<group>"; };
		DBED151A1C7B451800351D10 /* DashboardTableViewCell.swift */ = {isa = PBXFileReference; fileEncoding = 4; lastKnownFileType = sourcecode.swift; path = DashboardTableViewCell.swift; sourceTree = "<group>"; };
/* End PBXFileReference section */

/* Begin PBXFrameworksBuildPhase section */
		BE0D700D1BA5024400F201FE /* Frameworks */ = {
			isa = PBXFrameworksBuildPhase;
			buildActionMask = 2147483647;
			files = (
				82F1DCC7619A5D91007AA7F0 /* libPods.a in Frameworks */,
				DB4B88B11BFC01F50006F974 /* FBSDKCoreKit.framework in Frameworks */,
				DBD79D571BFD31B300BF383C /* FBSDKLoginKit.framework in Frameworks */,
				DB914AAC1C9A37D1002BA5A3 /* Stripe.framework in Frameworks */,
			);
			runOnlyForDeploymentPostprocessing = 0;
		};
		BE0D70221BA5024400F201FE /* Frameworks */ = {
			isa = PBXFrameworksBuildPhase;
			buildActionMask = 2147483647;
			files = (
			);
			runOnlyForDeploymentPostprocessing = 0;
		};
/* End PBXFrameworksBuildPhase section */

/* Begin PBXGroup section */
		83E8D80DEB0381674C31EFC6 /* Pods */ = {
			isa = PBXGroup;
			children = (
				251EEB9B4EB1B49A1F884916 /* Pods.debug.xcconfig */,
				822734AD1EB616F5447E9078 /* Pods.release.xcconfig */,
			);
			name = Pods;
			sourceTree = "<group>";
		};
		BE0D70071BA5024400F201FE = {
			isa = PBXGroup;
			children = (
				BE0D70121BA5024400F201FE /* Yokwe2 */,
				BE0D70281BA5024400F201FE /* Yokwe2Tests */,
				BE0D70111BA5024400F201FE /* Products */,
				83E8D80DEB0381674C31EFC6 /* Pods */,
				EB0DB239C785A79D01E0AD14 /* Frameworks */,
			);
			sourceTree = "<group>";
		};
		BE0D70111BA5024400F201FE /* Products */ = {
			isa = PBXGroup;
			children = (
				BE0D70101BA5024400F201FE /* Atlas.app */,
				BE0D70251BA5024400F201FE /* Yokwe2Tests.xctest */,
			);
			name = Products;
			sourceTree = "<group>";
		};
		BE0D70121BA5024400F201FE /* Yokwe2 */ = {
			isa = PBXGroup;
			children = (
				DB0260641C20568100B237E9 /* .entitlements */,
				DB0260611C20567C00B237E9 /* .entitlements */,
				BEC59C621BE2B2A000A3D239 /* Swift Files */,
				BE0D70191BA5024400F201FE /* Main.storyboard */,
				BE0D701C1BA5024400F201FE /* Images.xcassets */,
				BE0D701E1BA5024400F201FE /* LaunchScreen.xib */,
				BE0D70131BA5024400F201FE /* Supporting Files */,
				DB0914CB1C867F2300D52B36 /* Launch Screen.storyboard */,
			);
			path = Yokwe2;
			sourceTree = "<group>";
		};
		BE0D70131BA5024400F201FE /* Supporting Files */ = {
			isa = PBXGroup;
			children = (
				BE0D70141BA5024400F201FE /* Info.plist */,
			);
			name = "Supporting Files";
			sourceTree = "<group>";
		};
		BE0D70281BA5024400F201FE /* Yokwe2Tests */ = {
			isa = PBXGroup;
			children = (
				BE0D702B1BA5024400F201FE /* Yokwe2Tests.swift */,
				BE0D70291BA5024400F201FE /* Supporting Files */,
			);
			path = Yokwe2Tests;
			sourceTree = "<group>";
		};
		BE0D70291BA5024400F201FE /* Supporting Files */ = {
			isa = PBXGroup;
			children = (
				BE0D702A1BA5024400F201FE /* Info.plist */,
			);
			name = "Supporting Files";
			sourceTree = "<group>";
		};
		BEC59C621BE2B2A000A3D239 /* Swift Files */ = {
			isa = PBXGroup;
			children = (
				DB0A3E7E1C6186FD00187B9C /* Objects */,
				DB0A3E7D1C6186F300187B9C /* Cells */,
				DBA80AEE1C605C91003B8B73 /* SWRevealViewController */,
				DBA80AED1C605B44003B8B73 /* Helpers */,
				DBD79D541BFD13F400BF383C /* TitularViewController.swift */,
				DBE564C81CF5DC7A00B96659 /* ReviewViewController.swift */,
				DB1DD0381CD64C5E00645C0E /* EmailSignupViewController.swift */,
				DB81671B1CE6335200712459 /* TripDetails.swift */,
				DB8C94701CBAE9B100FFF48C /* BankAccountCreation.swift */,
				DB68DA481CA0BEA8005B4158 /* PaymentConfirmationViewController.swift */,
				DB914AAD1C9A386C002BA5A3 /* PaymentFormViewController.swift */,
				BEBEC17D1BE95B8400986839 /* UserProfileViewController.swift */,
				BE0128CA1BE2BE2200D78FD7 /* DriverOrRideViewController.swift */,
				DB9D94A01C7BAC4F0072992B /* OfferResponseViewController.swift */,
				DBD32B1F1C8161440015CF06 /* TripViewController.swift */,
				DB9D94A21C7BAC5D0072992B /* RideRequestResponseViewController.swift */,
				BE0D70351BA5028300F201FE /* DateTimeViewController.swift */,
				BE0D70171BA5024400F201FE /* ViewController.swift */,
				BEC40C841BDED3C60032A8F4 /* MapTestViewController.swift */,
				DB5543F51C7B6058001503EB /* DashboardTableViewController.swift */,
				BE8239EB1BCF546900BD5103 /* ConfirmationViewController.swift */,
				BE92C9641BC1ABEB008D22E5 /* DriverOptionsTableViewController.swift */,
				BE0D70151BA5024400F201FE /* AppDelegate.swift */,
				BE0128CC1BE2C9E900D78FD7 /* RiderOptionsTableViewController.swift */,
				BE8BD91C1BE81E9900B77BDD /* ConfirmRiderViewController.swift */,
				DBA80AEB1C5FBF85003B8B73 /* PhoneNumberViewController.swift */,
				DB0A3E7B1C6180D500187B9C /* SlideOutMenuViewController.swift */,
				DB98A07D1C6943DD00FBCAA7 /* SettingsTableViewController.swift */,
				DB68DA4A1CAB20C5005B4158 /* DriverAccountCreationViewController.swift */,
			);
			name = "Swift Files";
			sourceTree = "<group>";
		};
		DB0A3E7D1C6186F300187B9C /* Cells */ = {
			isa = PBXGroup;
			children = (
				BE0128D01BE2CB0B00D78FD7 /* RiderOptionTableViewCell.swift */,
				DB2727D31C723DEF00A528CE /* DriverTableViewCell.swift */,
				DBED151A1C7B451800351D10 /* DashboardTableViewCell.swift */,
			);
			name = Cells;
			sourceTree = "<group>";
		};
		DB0A3E7E1C6186FD00187B9C /* Objects */ = {
			isa = PBXGroup;
			children = (
				BE92C95E1BC19960008D22E5 /* Driver.swift */,
				BE0128CE1BE2CA8800D78FD7 /* Rider.swift */,
				DB68DA4C1CADC0AE005B4158 /* User.swift */,
			);
			name = Objects;
			sourceTree = "<group>";
		};
		DBA80AED1C605B44003B8B73 /* Helpers */ = {
			isa = PBXGroup;
			children = (
				BE8239EF1BD043B100BD5103 /* SharingCenter.swift */,
				DB979C051C4D50A9000B91B4 /* FacebookHelper.swift */,
				DB979C071C4D5123000B91B4 /* YokweHelper.swift */,
				DB7C66BA1C592AF10087474F /* colorHelper.swift */,
				DBD4D35F1C4C305F007CCA7E /* MapsHelper.swift */,
			);
			name = Helpers;
			sourceTree = "<group>";
		};
		DBA80AEE1C605C91003B8B73 /* SWRevealViewController */ = {
			isa = PBXGroup;
			children = (
				DBA80AF01C605CC2003B8B73 /* SWRevealViewController.h */,
				DBA80AF11C605CC2003B8B73 /* SWRevealViewController.m */,
				DBA80AEF1C605CC2003B8B73 /* Yokwe2-Bridging-Header.h */,
			);
			name = SWRevealViewController;
			sourceTree = "<group>";
		};
		EB0DB239C785A79D01E0AD14 /* Frameworks */ = {
			isa = PBXGroup;
			children = (
				DB914AAB1C9A37D1002BA5A3 /* Stripe.framework */,
				DBD79D561BFD31B300BF383C /* FBSDKLoginKit.framework */,
				DB4B88B01BFC01F50006F974 /* FBSDKCoreKit.framework */,
				B3B8A66AD6F66B58E45DD574 /* libPods.a */,
			);
			name = Frameworks;
			sourceTree = "<group>";
		};
/* End PBXGroup section */

/* Begin PBXNativeTarget section */
		BE0D700F1BA5024400F201FE /* Yokwe2 */ = {
			isa = PBXNativeTarget;
			buildConfigurationList = BE0D702F1BA5024400F201FE /* Build configuration list for PBXNativeTarget "Yokwe2" */;
			buildPhases = (
				D5B204A7B6258A1CA4C610E4 /* Check Pods Manifest.lock */,
				BE0D700C1BA5024400F201FE /* Sources */,
				BE0D700D1BA5024400F201FE /* Frameworks */,
				BE0D700E1BA5024400F201FE /* Resources */,
				5C43B46C159F56CA8537EB0D /* Embed Pods Frameworks */,
				444C4FF294D8299A388009A8 /* Copy Pods Resources */,
			);
			buildRules = (
			);
			dependencies = (
			);
			name = Yokwe2;
			productName = Yokwe2;
			productReference = BE0D70101BA5024400F201FE /* Atlas.app */;
			productType = "com.apple.product-type.application";
		};
		BE0D70241BA5024400F201FE /* Yokwe2Tests */ = {
			isa = PBXNativeTarget;
			buildConfigurationList = BE0D70321BA5024400F201FE /* Build configuration list for PBXNativeTarget "Yokwe2Tests" */;
			buildPhases = (
				BE0D70211BA5024400F201FE /* Sources */,
				BE0D70221BA5024400F201FE /* Frameworks */,
				BE0D70231BA5024400F201FE /* Resources */,
			);
			buildRules = (
			);
			dependencies = (
				BE0D70271BA5024400F201FE /* PBXTargetDependency */,
			);
			name = Yokwe2Tests;
			productName = Yokwe2Tests;
			productReference = BE0D70251BA5024400F201FE /* Yokwe2Tests.xctest */;
			productType = "com.apple.product-type.bundle.unit-test";
		};
/* End PBXNativeTarget section */

/* Begin PBXProject section */
		BE0D70081BA5024400F201FE /* Project object */ = {
			isa = PBXProject;
			attributes = {
				KnownAssetTags = (
					777,
				);
				LastSwiftUpdateCheck = 0720;
				LastUpgradeCheck = 0700;
				ORGANIZATIONNAME = "Pierce Demarreau";
				TargetAttributes = {
					BE0D700F1BA5024400F201FE = {
						CreatedOnToolsVersion = 6.4;
						DevelopmentTeam = 69W48383FK;
						SystemCapabilities = {
							com.apple.BackgroundModes = {
								enabled = 1;
							};
							com.apple.OMC = {
								enabled = 1;
							};
							com.apple.Push = {
								enabled = 1;
							};
							com.apple.Wallet = {
								enabled = 0;
							};
						};
					};
					BE0D70241BA5024400F201FE = {
						CreatedOnToolsVersion = 6.4;
						TestTargetID = BE0D700F1BA5024400F201FE;
					};
				};
			};
			buildConfigurationList = BE0D700B1BA5024400F201FE /* Build configuration list for PBXProject "Yokwe2" */;
			compatibilityVersion = "Xcode 3.2";
			developmentRegion = English;
			hasScannedForEncodings = 0;
			knownRegions = (
				en,
				Base,
			);
			mainGroup = BE0D70071BA5024400F201FE;
			productRefGroup = BE0D70111BA5024400F201FE /* Products */;
			projectDirPath = "";
			projectRoot = "";
			targets = (
				BE0D700F1BA5024400F201FE /* Yokwe2 */,
				BE0D70241BA5024400F201FE /* Yokwe2Tests */,
			);
		};
/* End PBXProject section */

/* Begin PBXResourcesBuildPhase section */
		BE0D700E1BA5024400F201FE /* Resources */ = {
			isa = PBXResourcesBuildPhase;
			buildActionMask = 2147483647;
			files = (
				BE0D701B1BA5024400F201FE /* Main.storyboard in Resources */,
				BE0D70201BA5024400F201FE /* LaunchScreen.xib in Resources */,
				DB0914CC1C867F2300D52B36 /* Launch Screen.storyboard in Resources */,
				BE0D701D1BA5024400F201FE /* Images.xcassets in Resources */,
			);
			runOnlyForDeploymentPostprocessing = 0;
		};
		BE0D70231BA5024400F201FE /* Resources */ = {
			isa = PBXResourcesBuildPhase;
			buildActionMask = 2147483647;
			files = (
			);
			runOnlyForDeploymentPostprocessing = 0;
		};
/* End PBXResourcesBuildPhase section */

/* Begin PBXShellScriptBuildPhase section */
		444C4FF294D8299A388009A8 /* Copy Pods Resources */ = {
			isa = PBXShellScriptBuildPhase;
			buildActionMask = 2147483647;
			files = (
			);
			inputPaths = (
			);
			name = "Copy Pods Resources";
			outputPaths = (
			);
			runOnlyForDeploymentPostprocessing = 0;
			shellPath = /bin/sh;
			shellScript = "\"${SRCROOT}/Pods/Target Support Files/Pods/Pods-resources.sh\"\n";
			showEnvVarsInLog = 0;
		};
		5C43B46C159F56CA8537EB0D /* Embed Pods Frameworks */ = {
			isa = PBXShellScriptBuildPhase;
			buildActionMask = 2147483647;
			files = (
			);
			inputPaths = (
			);
			name = "Embed Pods Frameworks";
			outputPaths = (
			);
			runOnlyForDeploymentPostprocessing = 0;
			shellPath = /bin/sh;
			shellScript = "\"${SRCROOT}/Pods/Target Support Files/Pods/Pods-frameworks.sh\"\n";
			showEnvVarsInLog = 0;
		};
		D5B204A7B6258A1CA4C610E4 /* Check Pods Manifest.lock */ = {
			isa = PBXShellScriptBuildPhase;
			buildActionMask = 2147483647;
			files = (
			);
			inputPaths = (
			);
			name = "Check Pods Manifest.lock";
			outputPaths = (
			);
			runOnlyForDeploymentPostprocessing = 0;
			shellPath = /bin/sh;
			shellScript = "diff \"${PODS_ROOT}/../Podfile.lock\" \"${PODS_ROOT}/Manifest.lock\" > /dev/null\nif [[ $? != 0 ]] ; then\n    cat << EOM\nerror: The sandbox is not in sync with the Podfile.lock. Run 'pod install' or update your CocoaPods installation.\nEOM\n    exit 1\nfi\n";
			showEnvVarsInLog = 0;
		};
/* End PBXShellScriptBuildPhase section */

/* Begin PBXSourcesBuildPhase section */
		BE0D700C1BA5024400F201FE /* Sources */ = {
			isa = PBXSourcesBuildPhase;
			buildActionMask = 2147483647;
			files = (
				DBD4D3601C4C305F007CCA7E /* MapsHelper.swift in Sources */,
				DBE564C91CF5DC7A00B96659 /* ReviewViewController.swift in Sources */,
				BE0D70181BA5024400F201FE /* ViewController.swift in Sources */,
				DBD32B201C8161440015CF06 /* TripViewController.swift in Sources */,
				BE0D70361BA5028300F201FE /* DateTimeViewController.swift in Sources */,
				DB979C081C4D5123000B91B4 /* YokweHelper.swift in Sources */,
				DBD79D551BFD13F400BF383C /* TitularViewController.swift in Sources */,
				BE8239EC1BCF546900BD5103 /* ConfirmationViewController.swift in Sources */,
				BE0128D11BE2CB0B00D78FD7 /* RiderOptionTableViewCell.swift in Sources */,
				BE0D70161BA5024400F201FE /* AppDelegate.swift in Sources */,
				BE92C95F1BC19960008D22E5 /* Driver.swift in Sources */,
				BE0128CB1BE2BE2200D78FD7 /* DriverOrRideViewController.swift in Sources */,
				DB68DA491CA0BEA8005B4158 /* PaymentConfirmationViewController.swift in Sources */,
				BE92C9651BC1ABEB008D22E5 /* DriverOptionsTableViewController.swift in Sources */,
				BE0128CF1BE2CA8800D78FD7 /* Rider.swift in Sources */,
				DBA80AEC1C5FBF85003B8B73 /* PhoneNumberViewController.swift in Sources */,
				BEC40C851BDED3C60032A8F4 /* MapTestViewController.swift in Sources */,
				DB5543F61C7B6058001503EB /* DashboardTableViewController.swift in Sources */,
				DB9D94A11C7BAC4F0072992B /* OfferResponseViewController.swift in Sources */,
				DB7C66BB1C592AF10087474F /* colorHelper.swift in Sources */,
				BEBEC17E1BE95B8400986839 /* UserProfileViewController.swift in Sources */,
				DB8C94711CBAE9B100FFF48C /* BankAccountCreation.swift in Sources */,
				DB81671C1CE6335200712459 /* TripDetails.swift in Sources */,
				BE8BD91D1BE81E9900B77BDD /* ConfirmRiderViewController.swift in Sources */,
				DBED151B1C7B451800351D10 /* DashboardTableViewCell.swift in Sources */,
				DB0A3E7C1C6180D500187B9C /* SlideOutMenuViewController.swift in Sources */,
				DB68DA4B1CAB20C5005B4158 /* DriverAccountCreationViewController.swift in Sources */,
				DB9D94A31C7BAC5D0072992B /* RideRequestResponseViewController.swift in Sources */,
				DB979C061C4D50A9000B91B4 /* FacebookHelper.swift in Sources */,
				DB914AAE1C9A386C002BA5A3 /* PaymentFormViewController.swift in Sources */,
				DB2727D41C723DEF00A528CE /* DriverTableViewCell.swift in Sources */,
				DB1DD0391CD64C5E00645C0E /* EmailSignupViewController.swift in Sources */,
				DB98A07E1C6943DD00FBCAA7 /* SettingsTableViewController.swift in Sources */,
				DBA80AF21C605CC2003B8B73 /* SWRevealViewController.m in Sources */,
				BE8239F01BD043B100BD5103 /* SharingCenter.swift in Sources */,
				BE0128CD1BE2C9E900D78FD7 /* RiderOptionsTableViewController.swift in Sources */,
				DB68DA4D1CADC0AE005B4158 /* User.swift in Sources */,
			);
			runOnlyForDeploymentPostprocessing = 0;
		};
		BE0D70211BA5024400F201FE /* Sources */ = {
			isa = PBXSourcesBuildPhase;
			buildActionMask = 2147483647;
			files = (
				BE0D702C1BA5024400F201FE /* Yokwe2Tests.swift in Sources */,
				BE92C9601BC19960008D22E5 /* Driver.swift in Sources */,
			);
			runOnlyForDeploymentPostprocessing = 0;
		};
/* End PBXSourcesBuildPhase section */

/* Begin PBXTargetDependency section */
		BE0D70271BA5024400F201FE /* PBXTargetDependency */ = {
			isa = PBXTargetDependency;
			target = BE0D700F1BA5024400F201FE /* Yokwe2 */;
			targetProxy = BE0D70261BA5024400F201FE /* PBXContainerItemProxy */;
		};
/* End PBXTargetDependency section */

/* Begin PBXVariantGroup section */
		BE0D70191BA5024400F201FE /* Main.storyboard */ = {
			isa = PBXVariantGroup;
			children = (
				BE0D701A1BA5024400F201FE /* Base */,
			);
			name = Main.storyboard;
			sourceTree = "<group>";
		};
		BE0D701E1BA5024400F201FE /* LaunchScreen.xib */ = {
			isa = PBXVariantGroup;
			children = (
				BE0D701F1BA5024400F201FE /* Base */,
			);
			name = LaunchScreen.xib;
			sourceTree = "<group>";
		};
/* End PBXVariantGroup section */

/* Begin XCBuildConfiguration section */
		BE0D702D1BA5024400F201FE /* Debug */ = {
			isa = XCBuildConfiguration;
			buildSettings = {
				ALWAYS_SEARCH_USER_PATHS = NO;
				CLANG_CXX_LANGUAGE_STANDARD = "gnu++0x";
				CLANG_CXX_LIBRARY = "libc++";
				CLANG_ENABLE_MODULES = YES;
				CLANG_ENABLE_OBJC_ARC = YES;
				CLANG_WARN_BOOL_CONVERSION = YES;
				CLANG_WARN_CONSTANT_CONVERSION = YES;
				CLANG_WARN_DIRECT_OBJC_ISA_USAGE = YES_ERROR;
				CLANG_WARN_EMPTY_BODY = YES;
				CLANG_WARN_ENUM_CONVERSION = YES;
				CLANG_WARN_INT_CONVERSION = YES;
				CLANG_WARN_OBJC_ROOT_CLASS = YES_ERROR;
				CLANG_WARN_UNREACHABLE_CODE = YES;
				CLANG_WARN__DUPLICATE_METHOD_MATCH = YES;
				CODE_SIGN_IDENTITY = "iPhone Developer: pdems@icloud.com (7D454Q7VH7)";
				"CODE_SIGN_IDENTITY[sdk=iphoneos*]" = "iPhone Developer";
				COPY_PHASE_STRIP = NO;
				DEBUG_INFORMATION_FORMAT = "dwarf-with-dsym";
				ENABLE_BITCODE = NO;
				ENABLE_STRICT_OBJC_MSGSEND = YES;
				ENABLE_TESTABILITY = YES;
				GCC_C_LANGUAGE_STANDARD = gnu99;
				GCC_DYNAMIC_NO_PIC = NO;
				GCC_NO_COMMON_BLOCKS = YES;
				GCC_OPTIMIZATION_LEVEL = 0;
				GCC_PREPROCESSOR_DEFINITIONS = (
					"DEBUG=1",
					"$(inherited)",
				);
				GCC_SYMBOLS_PRIVATE_EXTERN = NO;
				GCC_WARN_64_TO_32_BIT_CONVERSION = YES;
				GCC_WARN_ABOUT_RETURN_TYPE = YES_ERROR;
				GCC_WARN_UNDECLARED_SELECTOR = YES;
				GCC_WARN_UNINITIALIZED_AUTOS = YES_AGGRESSIVE;
				GCC_WARN_UNUSED_FUNCTION = YES;
				GCC_WARN_UNUSED_VARIABLE = YES;
				IPHONEOS_DEPLOYMENT_TARGET = 9.0;
				MTL_ENABLE_DEBUG_INFO = YES;
				ONLY_ACTIVE_ARCH = YES;
				SDKROOT = iphoneos;
				SWIFT_OPTIMIZATION_LEVEL = "-Onone";
				VALIDATE_PRODUCT = YES;
			};
			name = Debug;
		};
		BE0D702E1BA5024400F201FE /* Release */ = {
			isa = XCBuildConfiguration;
			buildSettings = {
				ALWAYS_SEARCH_USER_PATHS = NO;
				CLANG_CXX_LANGUAGE_STANDARD = "gnu++0x";
				CLANG_CXX_LIBRARY = "libc++";
				CLANG_ENABLE_MODULES = YES;
				CLANG_ENABLE_OBJC_ARC = YES;
				CLANG_WARN_BOOL_CONVERSION = YES;
				CLANG_WARN_CONSTANT_CONVERSION = YES;
				CLANG_WARN_DIRECT_OBJC_ISA_USAGE = YES_ERROR;
				CLANG_WARN_EMPTY_BODY = YES;
				CLANG_WARN_ENUM_CONVERSION = YES;
				CLANG_WARN_INT_CONVERSION = YES;
				CLANG_WARN_OBJC_ROOT_CLASS = YES_ERROR;
				CLANG_WARN_UNREACHABLE_CODE = YES;
				CLANG_WARN__DUPLICATE_METHOD_MATCH = YES;
				CODE_SIGN_IDENTITY = "iPhone Developer: pdems@icloud.com (7D454Q7VH7)";
				"CODE_SIGN_IDENTITY[sdk=iphoneos*]" = "iPhone Developer";
				COPY_PHASE_STRIP = NO;
				DEBUG_INFORMATION_FORMAT = "dwarf-with-dsym";
				ENABLE_BITCODE = NO;
				ENABLE_NS_ASSERTIONS = NO;
				ENABLE_STRICT_OBJC_MSGSEND = YES;
				ENABLE_TESTABILITY = YES;
				GCC_C_LANGUAGE_STANDARD = gnu99;
				GCC_NO_COMMON_BLOCKS = YES;
				GCC_WARN_64_TO_32_BIT_CONVERSION = YES;
				GCC_WARN_ABOUT_RETURN_TYPE = YES_ERROR;
				GCC_WARN_UNDECLARED_SELECTOR = YES;
				GCC_WARN_UNINITIALIZED_AUTOS = YES_AGGRESSIVE;
				GCC_WARN_UNUSED_FUNCTION = YES;
				GCC_WARN_UNUSED_VARIABLE = YES;
				IPHONEOS_DEPLOYMENT_TARGET = 9.0;
				MTL_ENABLE_DEBUG_INFO = NO;
				SDKROOT = iphoneos;
				VALIDATE_PRODUCT = YES;
			};
			name = Release;
		};
		BE0D70301BA5024400F201FE /* Debug */ = {
			isa = XCBuildConfiguration;
			baseConfigurationReference = 251EEB9B4EB1B49A1F884916 /* Pods.debug.xcconfig */;
			buildSettings = {
				ASSETCATALOG_COMPILER_APPICON_NAME = AppIcon;
				CLANG_ENABLE_MODULES = YES;
				CODE_SIGN_ENTITLEMENTS = Yokwe2/.entitlements;
				CODE_SIGN_IDENTITY = "iPhone Developer: Jack Demarreau (MGNCLU2LGU)";
				"CODE_SIGN_IDENTITY[sdk=iphoneos*]" = "iPhone Developer: Jack Demarreau (MGNCLU2LGU)";
				FRAMEWORK_SEARCH_PATHS = (
					"$(inherited)",
					"$(PROJECT_DIR)",
				);
				INFOPLIST_FILE = Yokwe2/Info.plist;
				IPHONEOS_DEPLOYMENT_TARGET = 9.0;
				LD_RUNPATH_SEARCH_PATHS = "$(inherited) @executable_path/Frameworks";
				PRODUCT_BUNDLE_IDENTIFIER = com.demarreau.Yokwe;
				PRODUCT_NAME = Atlas;
				PROVISIONING_PROFILE = "0d175d6c-fe6a-425a-b6f5-9730c6f4840c";
				SWIFT_OBJC_BRIDGING_HEADER = "Yokwe2/Yokwe2-Bridging-Header.h";
				SWIFT_OPTIMIZATION_LEVEL = "-Onone";
			};
			name = Debug;
		};
		BE0D70311BA5024400F201FE /* Release */ = {
			isa = XCBuildConfiguration;
			baseConfigurationReference = 822734AD1EB616F5447E9078 /* Pods.release.xcconfig */;
			buildSettings = {
				ASSETCATALOG_COMPILER_APPICON_NAME = AppIcon;
				CLANG_ENABLE_MODULES = YES;
				CODE_SIGN_ENTITLEMENTS = Yokwe2/.entitlements;
				CODE_SIGN_IDENTITY = "iPhone Developer: Jack Demarreau (MGNCLU2LGU)";
				"CODE_SIGN_IDENTITY[sdk=iphoneos*]" = "iPhone Developer: Jack Demarreau (MGNCLU2LGU)";
				FRAMEWORK_SEARCH_PATHS = (
					"$(inherited)",
					"$(PROJECT_DIR)",
				);
				INFOPLIST_FILE = Yokwe2/Info.plist;
				IPHONEOS_DEPLOYMENT_TARGET = 9.0;
				LD_RUNPATH_SEARCH_PATHS = "$(inherited) @executable_path/Frameworks";
				PRODUCT_BUNDLE_IDENTIFIER = com.demarreau.Yokwe;
				PRODUCT_NAME = Atlas;
				PROVISIONING_PROFILE = "0d175d6c-fe6a-425a-b6f5-9730c6f4840c";
				SWIFT_OBJC_BRIDGING_HEADER = "Yokwe2/Yokwe2-Bridging-Header.h";
			};
			name = Release;
		};
		BE0D70331BA5024400F201FE /* Debug */ = {
			isa = XCBuildConfiguration;
			buildSettings = {
				BUNDLE_LOADER = "$(TEST_HOST)";
				FRAMEWORK_SEARCH_PATHS = (
					"$(SDKROOT)/Developer/Library/Frameworks",
					"$(inherited)",
				);
				GCC_PREPROCESSOR_DEFINITIONS = (
					"DEBUG=1",
					"$(inherited)",
				);
				INFOPLIST_FILE = Yokwe2Tests/Info.plist;
				LD_RUNPATH_SEARCH_PATHS = "$(inherited) @executable_path/Frameworks @loader_path/Frameworks";
				PRODUCT_BUNDLE_IDENTIFIER = "demz.$(PRODUCT_NAME:rfc1034identifier)";
				PRODUCT_NAME = "$(TARGET_NAME)";
				TEST_HOST = "$(BUILT_PRODUCTS_DIR)/Yokwe2.app/Yokwe2";
			};
			name = Debug;
		};
		BE0D70341BA5024400F201FE /* Release */ = {
			isa = XCBuildConfiguration;
			buildSettings = {
				BUNDLE_LOADER = "$(TEST_HOST)";
				FRAMEWORK_SEARCH_PATHS = (
					"$(SDKROOT)/Developer/Library/Frameworks",
					"$(inherited)",
				);
				INFOPLIST_FILE = Yokwe2Tests/Info.plist;
				LD_RUNPATH_SEARCH_PATHS = "$(inherited) @executable_path/Frameworks @loader_path/Frameworks";
				PRODUCT_BUNDLE_IDENTIFIER = "demz.$(PRODUCT_NAME:rfc1034identifier)";
				PRODUCT_NAME = "$(TARGET_NAME)";
				TEST_HOST = "$(BUILT_PRODUCTS_DIR)/Yokwe2.app/Yokwe2";
			};
			name = Release;
		};
/* End XCBuildConfiguration section */

/* Begin XCConfigurationList section */
		BE0D700B1BA5024400F201FE /* Build configuration list for PBXProject "Yokwe2" */ = {
			isa = XCConfigurationList;
			buildConfigurations = (
				BE0D702D1BA5024400F201FE /* Debug */,
				BE0D702E1BA5024400F201FE /* Release */,
			);
			defaultConfigurationIsVisible = 0;
			defaultConfigurationName = Release;
		};
		BE0D702F1BA5024400F201FE /* Build configuration list for PBXNativeTarget "Yokwe2" */ = {
			isa = XCConfigurationList;
			buildConfigurations = (
				BE0D70301BA5024400F201FE /* Debug */,
				BE0D70311BA5024400F201FE /* Release */,
			);
			defaultConfigurationIsVisible = 0;
			defaultConfigurationName = Release;
		};
		BE0D70321BA5024400F201FE /* Build configuration list for PBXNativeTarget "Yokwe2Tests" */ = {
			isa = XCConfigurationList;
			buildConfigurations = (
				BE0D70331BA5024400F201FE /* Debug */,
				BE0D70341BA5024400F201FE /* Release */,
			);
			defaultConfigurationIsVisible = 0;
			defaultConfigurationName = Release;
		};
/* End XCConfigurationList section */
	};
	rootObject = BE0D70081BA5024400F201FE /* Project object */;
}
